
Microsoft Visual Studio Solution File, Format Version 12.00
# Visual Studio Version 17
VisualStudioVersion = 17.3.32825.248
MinimumVisualStudioVersion = 10.0.40219.1
Project("{9A19103F-16F7-4668-BE54-9A1E7A4F7556}") = "MovieRental", "MovieRental\MovieRental.csproj", "{337D4CAB-2D6E-47B7-8A23-FCF9DB40936B}"
EndProject
Project("{9A19103F-16F7-4668-BE54-9A1E7A4F7556}") = "MovieRentalImproved", "MovieRentalImproved\MovieRentalImproved.csproj", "{94FAD4F5-F390-4429-BAB8-FF2FC66B3CF5}"
EndProject
Project("{9A19103F-16F7-4668-BE54-9A1E7A4F7556}") = "BookPublisher", "BookPublisher\BookPublisher.csproj", "{7FE55A7D-9DBC-49C4-A15D-BB5B5D9E26CB}"
EndProject
Project("{2150E333-8FDC-42A3-9474-1A3956D46DE8}") = "01 Weather Station", "01 Weather Station", "{1AB37F65-CD7F-4DED-A96E-739829193055}"
EndProject
Project("{2150E333-8FDC-42A3-9474-1A3956D46DE8}") = "02 Weather Station Interface Segregation", "02 Weather Station Interface Segregation", "{399F9E1D-9C8C-49B2-ABCA-45ABFE6F9E9D}"
EndProject
Project("{9A19103F-16F7-4668-BE54-9A1E7A4F7556}") = "WeatherStation", "WeatherStation\WeatherStation.csproj", "{3ED6C654-206C-40DA-A12E-A40BE76FF4BA}"
EndProject
Project("{2150E333-8FDC-42A3-9474-1A3956D46DE8}") = "Weather Station", "Weather Station", "{9B7D7BEC-A61D-43C9-AB29-8F8DD20D4711}"
EndProject
Project("{9A19103F-16F7-4668-BE54-9A1E7A4F7556}") = "WeatherDisplay", "WeatherDisplay\WeatherDisplay.csproj", "{91F41E52-C5C9-474E-B7CE-100DA1F14750}"
EndProject
Project("{2150E333-8FDC-42A3-9474-1A3956D46DE8}") = "03 Weather Station Dependency Inversion", "03 Weather Station Dependency Inversion", "{B9C74C1F-D2D9-434A-8042-EB28C1E0B419}"
EndProject
Project("{9A19103F-16F7-4668-BE54-9A1E7A4F7556}") = "WeatherDisplayDI", "WeatherDisplayDI\WeatherDisplayDI.csproj", "{2DF5BE03-1D1E-40B3-977C-F54EB2A0F657}"
EndProject
Project("{9A19103F-16F7-4668-BE54-9A1E7A4F7556}") = "WeatherDisplayISP", "WeatherDisplayISP\WeatherDisplayISP.csproj", "{576E5DFB-7B2A-4712-BF7A-FB1FA93C5E20}"
EndProject
Project("{9A19103F-16F7-4668-BE54-9A1E7A4F7556}") = "WeatherStationDI", "WeatherStationDI\WeatherStationDI.csproj", "{62C77F3A-0188-471C-BD90-94F29982F51B}"
EndProject
Project("{9A19103F-16F7-4668-BE54-9A1E7A4F7556}") = "WeatherStationISP", "WeatherStationISP\WeatherStationISP.csproj", "{7DFB806B-FF62-4863-A3BA-8C89E6194DC0}"
EndProject
Project("{9A19103F-16F7-4668-BE54-9A1E7A4F7556}") = "WeatherStationDI1", "WeatherStationDI1\WeatherStationDI1.csproj", "{805E207E-3009-4CD8-81F9-9BA7A05826C3}"
EndProject
Project("{9A19103F-16F7-4668-BE54-9A1E7A4F7556}") = "WeatherDisplayDIStarter", "WeatherDisplayDIStarter\WeatherDisplayDIStarter.csproj", "{BB22826D-E1BD-4350-9353-927CB3340A8F}"
EndProject
Project("{9A19103F-16F7-4668-BE54-9A1E7A4F7556}") = "WeatherStationDI2", "WeatherStationDI2\WeatherStationDI2.csproj", "{844B66B8-066B-4EC2-A891-4DBF79A7073D}"
EndProject
Project("{9A19103F-16F7-4668-BE54-9A1E7A4F7556}") = "WeatherStationUSA", "WeatherStationUSA\WeatherStationUSA.csproj", "{8EC6A071-DB96-4E43-A254-34FAEE71BADD}"
EndProject
Project("{9A19103F-16F7-4668-BE54-9A1E7A4F7556}") = "WeatherStationUSAAdapter", "WeatherStationUSAAdapter\WeatherStationUSAAdapter.csproj", "{DE96FA69-0446-46CF-AF71-BC316EA6DDDF}"
EndProject
Project("{9A19103F-16F7-4668-BE54-9A1E7A4F7556}") = "ATM", "ATM\ATM.csproj", "{2EDDEDBF-EC79-4C51-B5A5-2B3C29D0E531}"
EndProject
Project("{9A19103F-16F7-4668-BE54-9A1E7A4F7556}") = "RPG", "RPG\RPG.csproj", "{948FBDCC-7FC3-4EA9-BE77-9E943DF08769}"
EndProject
Project("{2150E333-8FDC-42A3-9474-1A3956D46DE8}") = "Light Controller", "Light Controller", "{501C1A5B-2317-42EF-B961-DC3D301F39B8}"
EndProject
Project("{2150E333-8FDC-42A3-9474-1A3956D46DE8}") = "Light Collection", "Light Collection", "{9ECCFB4E-A228-4950-A65F-5EB65F9D7EF0}"
EndProject
Project("{2150E333-8FDC-42A3-9474-1A3956D46DE8}") = "Sensor Collection", "Sensor Collection", "{987CA5EF-603C-4EAE-B52E-26D10BAC3678}"
EndProject
Project("{9A19103F-16F7-4668-BE54-9A1E7A4F7556}") = "ExternalBrandFloorLamp", "ExternalBrandFloorLamp\ExternalBrandFloorLamp.csproj", "{F53F71AC-BBEA-4CD2-A235-B09580594FB6}"
EndProject
Project("{9A19103F-16F7-4668-BE54-9A1E7A4F7556}") = "ExternalBrandSoundSensor", "ExternalBrandSoundSensor\ExternalBrandSoundSensor.csproj", "{5C8E1625-9E8C-445D-82F2-7AC0C4A7D4C5}"
EndProject
Project("{9A19103F-16F7-4668-BE54-9A1E7A4F7556}") = "OwnBrandCeilingLight", "OwnBrandCeilingLight\OwnBrandCeilingLight.csproj", "{27DD9D91-B784-442E-B3C3-90D7F09E9CF4}"
EndProject
Project("{9A19103F-16F7-4668-BE54-9A1E7A4F7556}") = "OwnBrandMotionSensor1", "OwnBrandMotionSensor1\OwnBrandMotionSensor1.csproj", "{A8B461D3-F2E6-4DB9-AF7D-F1F95B1C34CF}"
EndProject
Project("{9A19103F-16F7-4668-BE54-9A1E7A4F7556}") = "OwnBrandMotionSensor2", "OwnBrandMotionSensor2\OwnBrandMotionSensor2.csproj", "{B9B1AF40-F3D1-46AC-B8CC-65E0EA109F8E}"
EndProject
Project("{9A19103F-16F7-4668-BE54-9A1E7A4F7556}") = "OwnBrandMultiSensor", "OwnBrandMultiSensor\OwnBrandMultiSensor.csproj", "{BABB59BA-A60F-4E7B-85CA-6D3C2A6D9BF8}"
EndProject
Project("{9A19103F-16F7-4668-BE54-9A1E7A4F7556}") = "OwnBrandSoundSensor", "OwnBrandSoundSensor\OwnBrandSoundSensor.csproj", "{5233748C-A493-4509-8ACC-A6A1787CEF13}"
EndProject
Project("{9A19103F-16F7-4668-BE54-9A1E7A4F7556}") = "LightControllerStarter", "LightControllerStarter\LightControllerStarter.csproj", "{2C14DD6D-5080-4A97-8A9E-8A38FB8C8EE3}"
EndProject
Global
	GlobalSection(SolutionConfigurationPlatforms) = preSolution
		Debug|Any CPU = Debug|Any CPU
		Release|Any CPU = Release|Any CPU
	EndGlobalSection
	GlobalSection(ProjectConfigurationPlatforms) = postSolution
		{337D4CAB-2D6E-47B7-8A23-FCF9DB40936B}.Debug|Any CPU.ActiveCfg = Debug|Any CPU
		{337D4CAB-2D6E-47B7-8A23-FCF9DB40936B}.Debug|Any CPU.Build.0 = Debug|Any CPU
		{337D4CAB-2D6E-47B7-8A23-FCF9DB40936B}.Release|Any CPU.ActiveCfg = Release|Any CPU
		{337D4CAB-2D6E-47B7-8A23-FCF9DB40936B}.Release|Any CPU.Build.0 = Release|Any CPU
		{94FAD4F5-F390-4429-BAB8-FF2FC66B3CF5}.Debug|Any CPU.ActiveCfg = Debug|Any CPU
		{94FAD4F5-F390-4429-BAB8-FF2FC66B3CF5}.Debug|Any CPU.Build.0 = Debug|Any CPU
		{94FAD4F5-F390-4429-BAB8-FF2FC66B3CF5}.Release|Any CPU.ActiveCfg = Release|Any CPU
		{94FAD4F5-F390-4429-BAB8-FF2FC66B3CF5}.Release|Any CPU.Build.0 = Release|Any CPU
		{7FE55A7D-9DBC-49C4-A15D-BB5B5D9E26CB}.Debug|Any CPU.ActiveCfg = Debug|Any CPU
		{7FE55A7D-9DBC-49C4-A15D-BB5B5D9E26CB}.Debug|Any CPU.Build.0 = Debug|Any CPU
		{7FE55A7D-9DBC-49C4-A15D-BB5B5D9E26CB}.Release|Any CPU.ActiveCfg = Release|Any CPU
		{7FE55A7D-9DBC-49C4-A15D-BB5B5D9E26CB}.Release|Any CPU.Build.0 = Release|Any CPU
		{3ED6C654-206C-40DA-A12E-A40BE76FF4BA}.Debug|Any CPU.ActiveCfg = Debug|Any CPU
		{3ED6C654-206C-40DA-A12E-A40BE76FF4BA}.Debug|Any CPU.Build.0 = Debug|Any CPU
		{3ED6C654-206C-40DA-A12E-A40BE76FF4BA}.Release|Any CPU.ActiveCfg = Release|Any CPU
		{3ED6C654-206C-40DA-A12E-A40BE76FF4BA}.Release|Any CPU.Build.0 = Release|Any CPU
		{91F41E52-C5C9-474E-B7CE-100DA1F14750}.Debug|Any CPU.ActiveCfg = Debug|Any CPU
		{91F41E52-C5C9-474E-B7CE-100DA1F14750}.Debug|Any CPU.Build.0 = Debug|Any CPU
		{91F41E52-C5C9-474E-B7CE-100DA1F14750}.Release|Any CPU.ActiveCfg = Release|Any CPU
		{91F41E52-C5C9-474E-B7CE-100DA1F14750}.Release|Any CPU.Build.0 = Release|Any CPU
		{2DF5BE03-1D1E-40B3-977C-F54EB2A0F657}.Debug|Any CPU.ActiveCfg = Debug|Any CPU
		{2DF5BE03-1D1E-40B3-977C-F54EB2A0F657}.Debug|Any CPU.Build.0 = Debug|Any CPU
		{2DF5BE03-1D1E-40B3-977C-F54EB2A0F657}.Release|Any CPU.ActiveCfg = Release|Any CPU
		{2DF5BE03-1D1E-40B3-977C-F54EB2A0F657}.Release|Any CPU.Build.0 = Release|Any CPU
		{576E5DFB-7B2A-4712-BF7A-FB1FA93C5E20}.Debug|Any CPU.ActiveCfg = Debug|Any CPU
		{576E5DFB-7B2A-4712-BF7A-FB1FA93C5E20}.Debug|Any CPU.Build.0 = Debug|Any CPU
		{576E5DFB-7B2A-4712-BF7A-FB1FA93C5E20}.Release|Any CPU.ActiveCfg = Release|Any CPU
		{576E5DFB-7B2A-4712-BF7A-FB1FA93C5E20}.Release|Any CPU.Build.0 = Release|Any CPU
		{62C77F3A-0188-471C-BD90-94F29982F51B}.Debug|Any CPU.ActiveCfg = Debug|Any CPU
		{62C77F3A-0188-471C-BD90-94F29982F51B}.Debug|Any CPU.Build.0 = Debug|Any CPU
		{62C77F3A-0188-471C-BD90-94F29982F51B}.Release|Any CPU.ActiveCfg = Release|Any CPU
		{62C77F3A-0188-471C-BD90-94F29982F51B}.Release|Any CPU.Build.0 = Release|Any CPU
		{7DFB806B-FF62-4863-A3BA-8C89E6194DC0}.Debug|Any CPU.ActiveCfg = Debug|Any CPU
		{7DFB806B-FF62-4863-A3BA-8C89E6194DC0}.Debug|Any CPU.Build.0 = Debug|Any CPU
		{7DFB806B-FF62-4863-A3BA-8C89E6194DC0}.Release|Any CPU.ActiveCfg = Release|Any CPU
		{7DFB806B-FF62-4863-A3BA-8C89E6194DC0}.Release|Any CPU.Build.0 = Release|Any CPU
		{805E207E-3009-4CD8-81F9-9BA7A05826C3}.Debug|Any CPU.ActiveCfg = Debug|Any CPU
		{805E207E-3009-4CD8-81F9-9BA7A05826C3}.Debug|Any CPU.Build.0 = Debug|Any CPU
		{805E207E-3009-4CD8-81F9-9BA7A05826C3}.Release|Any CPU.ActiveCfg = Release|Any CPU
		{805E207E-3009-4CD8-81F9-9BA7A05826C3}.Release|Any CPU.Build.0 = Release|Any CPU
		{BB22826D-E1BD-4350-9353-927CB3340A8F}.Debug|Any CPU.ActiveCfg = Debug|Any CPU
		{BB22826D-E1BD-4350-9353-927CB3340A8F}.Debug|Any CPU.Build.0 = Debug|Any CPU
		{BB22826D-E1BD-4350-9353-927CB3340A8F}.Release|Any CPU.ActiveCfg = Release|Any CPU
		{BB22826D-E1BD-4350-9353-927CB3340A8F}.Release|Any CPU.Build.0 = Release|Any CPU
		{844B66B8-066B-4EC2-A891-4DBF79A7073D}.Debug|Any CPU.ActiveCfg = Debug|Any CPU
		{844B66B8-066B-4EC2-A891-4DBF79A7073D}.Debug|Any CPU.Build.0 = Debug|Any CPU
		{844B66B8-066B-4EC2-A891-4DBF79A7073D}.Release|Any CPU.ActiveCfg = Release|Any CPU
		{844B66B8-066B-4EC2-A891-4DBF79A7073D}.Release|Any CPU.Build.0 = Release|Any CPU
		{8EC6A071-DB96-4E43-A254-34FAEE71BADD}.Debug|Any CPU.ActiveCfg = Debug|Any CPU
		{8EC6A071-DB96-4E43-A254-34FAEE71BADD}.Debug|Any CPU.Build.0 = Debug|Any CPU
		{8EC6A071-DB96-4E43-A254-34FAEE71BADD}.Release|Any CPU.ActiveCfg = Release|Any CPU
		{8EC6A071-DB96-4E43-A254-34FAEE71BADD}.Release|Any CPU.Build.0 = Release|Any CPU
		{DE96FA69-0446-46CF-AF71-BC316EA6DDDF}.Debug|Any CPU.ActiveCfg = Debug|Any CPU
		{DE96FA69-0446-46CF-AF71-BC316EA6DDDF}.Debug|Any CPU.Build.0 = Debug|Any CPU
		{DE96FA69-0446-46CF-AF71-BC316EA6DDDF}.Release|Any CPU.ActiveCfg = Release|Any CPU
		{DE96FA69-0446-46CF-AF71-BC316EA6DDDF}.Release|Any CPU.Build.0 = Release|Any CPU
		{2EDDEDBF-EC79-4C51-B5A5-2B3C29D0E531}.Debug|Any CPU.ActiveCfg = Debug|Any CPU
		{2EDDEDBF-EC79-4C51-B5A5-2B3C29D0E531}.Debug|Any CPU.Build.0 = Debug|Any CPU
		{2EDDEDBF-EC79-4C51-B5A5-2B3C29D0E531}.Release|Any CPU.ActiveCfg = Release|Any CPU
		{2EDDEDBF-EC79-4C51-B5A5-2B3C29D0E531}.Release|Any CPU.Build.0 = Release|Any CPU
		{948FBDCC-7FC3-4EA9-BE77-9E943DF08769}.Debug|Any CPU.ActiveCfg = Debug|Any CPU
		{948FBDCC-7FC3-4EA9-BE77-9E943DF08769}.Debug|Any CPU.Build.0 = Debug|Any CPU
		{948FBDCC-7FC3-4EA9-BE77-9E943DF08769}.Release|Any CPU.ActiveCfg = Release|Any CPU
		{948FBDCC-7FC3-4EA9-BE77-9E943DF08769}.Release|Any CPU.Build.0 = Release|Any CPU
		{F53F71AC-BBEA-4CD2-A235-B09580594FB6}.Debug|Any CPU.ActiveCfg = Debug|Any CPU
		{F53F71AC-BBEA-4CD2-A235-B09580594FB6}.Debug|Any CPU.Build.0 = Debug|Any CPU
		{F53F71AC-BBEA-4CD2-A235-B09580594FB6}.Release|Any CPU.ActiveCfg = Release|Any CPU
		{F53F71AC-BBEA-4CD2-A235-B09580594FB6}.Release|Any CPU.Build.0 = Release|Any CPU
		{5C8E1625-9E8C-445D-82F2-7AC0C4A7D4C5}.Debug|Any CPU.ActiveCfg = Debug|Any CPU
		{5C8E1625-9E8C-445D-82F2-7AC0C4A7D4C5}.Debug|Any CPU.Build.0 = Debug|Any CPU
		{5C8E1625-9E8C-445D-82F2-7AC0C4A7D4C5}.Release|Any CPU.ActiveCfg = Release|Any CPU
		{5C8E1625-9E8C-445D-82F2-7AC0C4A7D4C5}.Release|Any CPU.Build.0 = Release|Any CPU
		{27DD9D91-B784-442E-B3C3-90D7F09E9CF4}.Debug|Any CPU.ActiveCfg = Debug|Any CPU
		{27DD9D91-B784-442E-B3C3-90D7F09E9CF4}.Debug|Any CPU.Build.0 = Debug|Any CPU
		{27DD9D91-B784-442E-B3C3-90D7F09E9CF4}.Release|Any CPU.ActiveCfg = Release|Any CPU
		{27DD9D91-B784-442E-B3C3-90D7F09E9CF4}.Release|Any CPU.Build.0 = Release|Any CPU
		{A8B461D3-F2E6-4DB9-AF7D-F1F95B1C34CF}.Debug|Any CPU.ActiveCfg = Debug|Any CPU
		{A8B461D3-F2E6-4DB9-AF7D-F1F95B1C34CF}.Debug|Any CPU.Build.0 = Debug|Any CPU
		{A8B461D3-F2E6-4DB9-AF7D-F1F95B1C34CF}.Release|Any CPU.ActiveCfg = Release|Any CPU
		{A8B461D3-F2E6-4DB9-AF7D-F1F95B1C34CF}.Release|Any CPU.Build.0 = Release|Any CPU
		{B9B1AF40-F3D1-46AC-B8CC-65E0EA109F8E}.Debug|Any CPU.ActiveCfg = Debug|Any CPU
		{B9B1AF40-F3D1-46AC-B8CC-65E0EA109F8E}.Debug|Any CPU.Build.0 = Debug|Any CPU
		{B9B1AF40-F3D1-46AC-B8CC-65E0EA109F8E}.Release|Any CPU.ActiveCfg = Release|Any CPU
		{B9B1AF40-F3D1-46AC-B8CC-65E0EA109F8E}.Release|Any CPU.Build.0 = Release|Any CPU
		{BABB59BA-A60F-4E7B-85CA-6D3C2A6D9BF8}.Debug|Any CPU.ActiveCfg = Debug|Any CPU
		{BABB59BA-A60F-4E7B-85CA-6D3C2A6D9BF8}.Debug|Any CPU.Build.0 = Debug|Any CPU
		{BABB59BA-A60F-4E7B-85CA-6D3C2A6D9BF8}.Release|Any CPU.ActiveCfg = Release|Any CPU
		{BABB59BA-A60F-4E7B-85CA-6D3C2A6D9BF8}.Release|Any CPU.Build.0 = Release|Any CPU
		{5233748C-A493-4509-8ACC-A6A1787CEF13}.Debug|Any CPU.ActiveCfg = Debug|Any CPU
		{5233748C-A493-4509-8ACC-A6A1787CEF13}.Debug|Any CPU.Build.0 = Debug|Any CPU
		{5233748C-A493-4509-8ACC-A6A1787CEF13}.Release|Any CPU.ActiveCfg = Release|Any CPU
		{5233748C-A493-4509-8ACC-A6A1787CEF13}.Release|Any CPU.Build.0 = Release|Any CPU
		{2C14DD6D-5080-4A97-8A9E-8A38FB8C8EE3}.Debug|Any CPU.ActiveCfg = Debug|Any CPU
		{2C14DD6D-5080-4A97-8A9E-8A38FB8C8EE3}.Debug|Any CPU.Build.0 = Debug|Any CPU
		{2C14DD6D-5080-4A97-8A9E-8A38FB8C8EE3}.Release|Any CPU.ActiveCfg = Release|Any CPU
		{2C14DD6D-5080-4A97-8A9E-8A38FB8C8EE3}.Release|Any CPU.Build.0 = Release|Any CPU
	EndGlobalSection
	GlobalSection(SolutionProperties) = preSolution
		HideSolutionNode = FALSE
	EndGlobalSection
	GlobalSection(NestedProjects) = preSolution
		{1AB37F65-CD7F-4DED-A96E-739829193055} = {9B7D7BEC-A61D-43C9-AB29-8F8DD20D4711}
		{399F9E1D-9C8C-49B2-ABCA-45ABFE6F9E9D} = {9B7D7BEC-A61D-43C9-AB29-8F8DD20D4711}
		{3ED6C654-206C-40DA-A12E-A40BE76FF4BA} = {1AB37F65-CD7F-4DED-A96E-739829193055}
		{91F41E52-C5C9-474E-B7CE-100DA1F14750} = {1AB37F65-CD7F-4DED-A96E-739829193055}
		{B9C74C1F-D2D9-434A-8042-EB28C1E0B419} = {9B7D7BEC-A61D-43C9-AB29-8F8DD20D4711}
		{2DF5BE03-1D1E-40B3-977C-F54EB2A0F657} = {B9C74C1F-D2D9-434A-8042-EB28C1E0B419}
		{576E5DFB-7B2A-4712-BF7A-FB1FA93C5E20} = {399F9E1D-9C8C-49B2-ABCA-45ABFE6F9E9D}
		{62C77F3A-0188-471C-BD90-94F29982F51B} = {B9C74C1F-D2D9-434A-8042-EB28C1E0B419}
		{7DFB806B-FF62-4863-A3BA-8C89E6194DC0} = {399F9E1D-9C8C-49B2-ABCA-45ABFE6F9E9D}
		{805E207E-3009-4CD8-81F9-9BA7A05826C3} = {B9C74C1F-D2D9-434A-8042-EB28C1E0B419}
		{BB22826D-E1BD-4350-9353-927CB3340A8F} = {B9C74C1F-D2D9-434A-8042-EB28C1E0B419}
		{844B66B8-066B-4EC2-A891-4DBF79A7073D} = {B9C74C1F-D2D9-434A-8042-EB28C1E0B419}
		{8EC6A071-DB96-4E43-A254-34FAEE71BADD} = {B9C74C1F-D2D9-434A-8042-EB28C1E0B419}
		{DE96FA69-0446-46CF-AF71-BC316EA6DDDF} = {B9C74C1F-D2D9-434A-8042-EB28C1E0B419}
		{9ECCFB4E-A228-4950-A65F-5EB65F9D7EF0} = {501C1A5B-2317-42EF-B961-DC3D301F39B8}
		{987CA5EF-603C-4EAE-B52E-26D10BAC3678} = {501C1A5B-2317-42EF-B961-DC3D301F39B8}
		{F53F71AC-BBEA-4CD2-A235-B09580594FB6} = {9ECCFB4E-A228-4950-A65F-5EB65F9D7EF0}
		{5C8E1625-9E8C-445D-82F2-7AC0C4A7D4C5} = {987CA5EF-603C-4EAE-B52E-26D10BAC3678}
		{27DD9D91-B784-442E-B3C3-90D7F09E9CF4} = {9ECCFB4E-A228-4950-A65F-5EB65F9D7EF0}
		{A8B461D3-F2E6-4DB9-AF7D-F1F95B1C34CF} = {987CA5EF-603C-4EAE-B52E-26D10BAC3678}
		{B9B1AF40-F3D1-46AC-B8CC-65E0EA109F8E} = {987CA5EF-603C-4EAE-B52E-26D10BAC3678}
		{BABB59BA-A60F-4E7B-85CA-6D3C2A6D9BF8} = {987CA5EF-603C-4EAE-B52E-26D10BAC3678}
		{5233748C-A493-4509-8ACC-A6A1787CEF13} = {987CA5EF-603C-4EAE-B52E-26D10BAC3678}
		{2C14DD6D-5080-4A97-8A9E-8A38FB8C8EE3} = {501C1A5B-2317-42EF-B961-DC3D301F39B8}
	EndGlobalSection
	GlobalSection(ExtensibilityGlobals) = postSolution
		SolutionGuid = {7F7C1FD4-CD73-4F22-B685-CE041721452A}
	EndGlobalSection
EndGlobal
